
Microsoft Visual Studio Solution File, Format Version 12.00
# Visual Studio Version 17
VisualStudioVersion = 17.12.35707.178 d17.12
MinimumVisualStudioVersion = 10.0.40219.1
Project("{FAE04EC0-301F-11D3-BF4B-00C04F79EFBC}") = "CoreOnlineEdu.API", "CoreOnlineEdu.API\CoreOnlineEdu.API.csproj", "{C544B4A3-D666-4D3E-B20E-012403331D3D}"
EndProject
Project("{FAE04EC0-301F-11D3-BF4B-00C04F79EFBC}") = "CoreOnlineEdu.Entity", "CoreOnlineEdu.Entity\CoreOnlineEdu.Entity.csproj", "{BF559CE2-DF15-4A28-B393-2E55AA99213B}"
EndProject
Project("{FAE04EC0-301F-11D3-BF4B-00C04F79EFBC}") = "CoreOnlineEdu.DataAccess", "CoreOnlineEdu.DataAccess\CoreOnlineEdu.DataAccess.csproj", "{B48420A2-4FDB-49C5-9BB7-7595AC0810B3}"
EndProject
Project("{FAE04EC0-301F-11D3-BF4B-00C04F79EFBC}") = "CoreOnlineEdu.Business", "CoreOnlineEdu.Business\CoreOnlineEdu.Business.csproj", "{CCC3D413-A0A9-4AE7-B45B-AD9FB8CBFAEF}"
EndProject
Project("{FAE04EC0-301F-11D3-BF4B-00C04F79EFBC}") = "CoreOnlineEdu.DTO", "CoreOnlineEdu.DTO\CoreOnlineEdu.DTO.csproj", "{7BFDCD99-7FD3-4CF3-9024-93DD206F4453}"
EndProject
Project("{FAE04EC0-301F-11D3-BF4B-00C04F79EFBC}") = "CoreOnlineEdu.WebUI", "CoreOnlineEdu.WebUI\CoreOnlineEdu.WebUI.csproj", "{920B32A0-630B-4A76-A418-940C3657784A}"
EndProject
Global
	GlobalSection(SolutionConfigurationPlatforms) = preSolution
		Debug|Any CPU = Debug|Any CPU
		Release|Any CPU = Release|Any CPU
	EndGlobalSection
	GlobalSection(ProjectConfigurationPlatforms) = postSolution
		{C544B4A3-D666-4D3E-B20E-012403331D3D}.Debug|Any CPU.ActiveCfg = Debug|Any CPU
		{C544B4A3-D666-4D3E-B20E-012403331D3D}.Debug|Any CPU.Build.0 = Debug|Any CPU
		{C544B4A3-D666-4D3E-B20E-012403331D3D}.Release|Any CPU.ActiveCfg = Release|Any CPU
		{C544B4A3-D666-4D3E-B20E-012403331D3D}.Release|Any CPU.Build.0 = Release|Any CPU
		{BF559CE2-DF15-4A28-B393-2E55AA99213B}.Debug|Any CPU.ActiveCfg = Debug|Any CPU
		{BF559CE2-DF15-4A28-B393-2E55AA99213B}.Debug|Any CPU.Build.0 = Debug|Any CPU
		{BF559CE2-DF15-4A28-B393-2E55AA99213B}.Release|Any CPU.ActiveCfg = Release|Any CPU
		{BF559CE2-DF15-4A28-B393-2E55AA99213B}.Release|Any CPU.Build.0 = Release|Any CPU
		{B48420A2-4FDB-49C5-9BB7-7595AC0810B3}.Debug|Any CPU.ActiveCfg = Debug|Any CPU
		{B48420A2-4FDB-49C5-9BB7-7595AC0810B3}.Debug|Any CPU.Build.0 = Debug|Any CPU
		{B48420A2-4FDB-49C5-9BB7-7595AC0810B3}.Release|Any CPU.ActiveCfg = Release|Any CPU
		{B48420A2-4FDB-49C5-9BB7-7595AC0810B3}.Release|Any CPU.Build.0 = Release|Any CPU
		{CCC3D413-A0A9-4AE7-B45B-AD9FB8CBFAEF}.Debug|Any CPU.ActiveCfg = Debug|Any CPU
		{CCC3D413-A0A9-4AE7-B45B-AD9FB8CBFAEF}.Debug|Any CPU.Build.0 = Debug|Any CPU
		{CCC3D413-A0A9-4AE7-B45B-AD9FB8CBFAEF}.Release|Any CPU.ActiveCfg = Release|Any CPU
		{CCC3D413-A0A9-4AE7-B45B-AD9FB8CBFAEF}.Release|Any CPU.Build.0 = Release|Any CPU
		{7BFDCD99-7FD3-4CF3-9024-93DD206F4453}.Debug|Any CPU.ActiveCfg = Debug|Any CPU
		{7BFDCD99-7FD3-4CF3-9024-93DD206F4453}.Debug|Any CPU.Build.0 = Debug|Any CPU
		{7BFDCD99-7FD3-4CF3-9024-93DD206F4453}.Release|Any CPU.ActiveCfg = Release|Any CPU
		{7BFDCD99-7FD3-4CF3-9024-93DD206F4453}.Release|Any CPU.Build.0 = Release|Any CPU
		{920B32A0-630B-4A76-A418-940C3657784A}.Debug|Any CPU.ActiveCfg = Debug|Any CPU
		{920B32A0-630B-4A76-A418-940C3657784A}.Debug|Any CPU.Build.0 = Debug|Any CPU
		{920B32A0-630B-4A76-A418-940C3657784A}.Release|Any CPU.ActiveCfg = Release|Any CPU
		{920B32A0-630B-4A76-A418-940C3657784A}.Release|Any CPU.Build.0 = Release|Any CPU
	EndGlobalSection
	GlobalSection(SolutionProperties) = preSolution
		HideSolutionNode = FALSE
	EndGlobalSection
EndGlobal
